
Microsoft Visual Studio Solution File, Format Version 11.00
# Visual Studio 2010
Project("{FAE04EC0-301F-11D3-BF4B-00C04F79EFBC}") = "Assembly-CSharp", "Assembly-CSharp.csproj", "{cf743d79-9ba1-b21c-c1a3-ad83cd49e0f6}"
EndProject
Project("{FAE04EC0-301F-11D3-BF4B-00C04F79EFBC}") = "Assembly-CSharp-firstpass", "Assembly-CSharp-firstpass.csproj", "{742a07c2-4024-8f06-c805-52066b16aa95}"
EndProject
Project("{FAE04EC0-301F-11D3-BF4B-00C04F79EFBC}") = "Assembly-CSharp-Editor", "Assembly-CSharp-Editor.csproj", "{00dc1819-ec9e-65a8-8557-2dea04f20848}"
EndProject
Global
	GlobalSection(SolutionConfigurationPlatforms) = preSolution
		Debug|Any CPU = Debug|Any CPU
		Release|Any CPU = Release|Any CPU
	EndGlobalSection
	GlobalSection(ProjectConfigurationPlatforms) = postSolution
		{cf743d79-9ba1-b21c-c1a3-ad83cd49e0f6}.Debug|Any CPU.ActiveCfg = Debug|Any CPU
		{cf743d79-9ba1-b21c-c1a3-ad83cd49e0f6}.Debug|Any CPU.Build.0 = Debug|Any CPU
		{cf743d79-9ba1-b21c-c1a3-ad83cd49e0f6}.Release|Any CPU.ActiveCfg = Release|Any CPU
		{cf743d79-9ba1-b21c-c1a3-ad83cd49e0f6}.Release|Any CPU.Build.0 = Release|Any CPU
		{742a07c2-4024-8f06-c805-52066b16aa95}.Debug|Any CPU.ActiveCfg = Debug|Any CPU
		{742a07c2-4024-8f06-c805-52066b16aa95}.Debug|Any CPU.Build.0 = Debug|Any CPU
		{742a07c2-4024-8f06-c805-52066b16aa95}.Release|Any CPU.ActiveCfg = Release|Any CPU
		{742a07c2-4024-8f06-c805-52066b16aa95}.Release|Any CPU.Build.0 = Release|Any CPU
		{00dc1819-ec9e-65a8-8557-2dea04f20848}.Debug|Any CPU.ActiveCfg = Debug|Any CPU
		{00dc1819-ec9e-65a8-8557-2dea04f20848}.Debug|Any CPU.Build.0 = Debug|Any CPU
		{00dc1819-ec9e-65a8-8557-2dea04f20848}.Release|Any CPU.ActiveCfg = Release|Any CPU
		{00dc1819-ec9e-65a8-8557-2dea04f20848}.Release|Any CPU.Build.0 = Release|Any CPU
	EndGlobalSection
	GlobalSection(SolutionProperties) = preSolution
		HideSolutionNode = FALSE
	EndGlobalSection
EndGlobal
